
Microsoft Visual Studio Solution File, Format Version 12.00
# Visual Studio Version 17
VisualStudioVersion = 17.7.34031.279
MinimumVisualStudioVersion = 10.0.40219.1
Project("{FAE04EC0-301F-11D3-BF4B-00C04F79EFBC}") = "Task12", "Task12\Task12.csproj", "{D0BF47DC-8277-4AE3-8631-DC883BA42B85}"
EndProject
Project("{FAE04EC0-301F-11D3-BF4B-00C04F79EFBC}") = "JsonUtils", "JsonUtils\JsonUtils.csproj", "{52EE4F90-402A-43A9-939F-88FBE58E3BFF}"
EndProject
Global
	GlobalSection(SolutionConfigurationPlatforms) = preSolution
		Debug|Any CPU = Debug|Any CPU
		Release|Any CPU = Release|Any CPU
	EndGlobalSection
	GlobalSection(ProjectConfigurationPlatforms) = postSolution
		{D0BF47DC-8277-4AE3-8631-DC883BA42B85}.Debug|Any CPU.ActiveCfg = Debug|Any CPU
		{D0BF47DC-8277-4AE3-8631-DC883BA42B85}.Debug|Any CPU.Build.0 = Debug|Any CPU
		{D0BF47DC-8277-4AE3-8631-DC883BA42B85}.Release|Any CPU.ActiveCfg = Release|Any CPU
		{D0BF47DC-8277-4AE3-8631-DC883BA42B85}.Release|Any CPU.Build.0 = Release|Any CPU
		{52EE4F90-402A-43A9-939F-88FBE58E3BFF}.Debug|Any CPU.ActiveCfg = Debug|Any CPU
		{52EE4F90-402A-43A9-939F-88FBE58E3BFF}.Debug|Any CPU.Build.0 = Debug|Any CPU
		{52EE4F90-402A-43A9-939F-88FBE58E3BFF}.Release|Any CPU.ActiveCfg = Release|Any CPU
		{52EE4F90-402A-43A9-939F-88FBE58E3BFF}.Release|Any CPU.Build.0 = Release|Any CPU
	EndGlobalSection
	GlobalSection(SolutionProperties) = preSolution
		HideSolutionNode = FALSE
	EndGlobalSection
	GlobalSection(ExtensibilityGlobals) = postSolution
		SolutionGuid = {C298DEE2-36E9-4290-A939-6B0481604EA1}
	EndGlobalSection
EndGlobal
